
Microsoft Visual Studio Solution File, Format Version 12.00
# Visual Studio Version 16
VisualStudioVersion = 16.0.809.6
MinimumVisualStudioVersion = 10.0.40219.1
Project("{FAE04EC0-301F-11D3-BF4B-00C04F79EFBC}") = "QuizEducation.Android", "QuizEducation.Android\QuizEducation.Android.csproj", "{C1542BD7-8F86-48A7-B569-421D64C0F9D0}"
EndProject
Project("{FAE04EC0-301F-11D3-BF4B-00C04F79EFBC}") = "QuizEducation.iOS", "QuizEducation.iOS\QuizEducation.iOS.csproj", "{4E6461FF-79E8-4EDD-BC10-025FDBE06936}"
EndProject
Project("{FAE04EC0-301F-11D3-BF4B-00C04F79EFBC}") = "QuizEducation", "QuizEducation\QuizEducation.csproj", "{EF5AB855-6438-4020-ADBD-81A4F0D48F85}"
EndProject
Global
	GlobalSection(SolutionConfigurationPlatforms) = preSolution
		Debug|Any CPU = Debug|Any CPU
		Release|Any CPU = Release|Any CPU
		Debug|iPhoneSimulator = Debug|iPhoneSimulator
		Release|iPhoneSimulator = Release|iPhoneSimulator
		Debug|iPhone = Debug|iPhone
		Release|iPhone = Release|iPhone
	EndGlobalSection
	GlobalSection(ProjectConfigurationPlatforms) = postSolution
		{C1542BD7-8F86-48A7-B569-421D64C0F9D0}.Debug|Any CPU.ActiveCfg = Debug|Any CPU
		{C1542BD7-8F86-48A7-B569-421D64C0F9D0}.Debug|Any CPU.Build.0 = Debug|Any CPU
		{C1542BD7-8F86-48A7-B569-421D64C0F9D0}.Release|Any CPU.ActiveCfg = Release|Any CPU
		{C1542BD7-8F86-48A7-B569-421D64C0F9D0}.Release|Any CPU.Build.0 = Release|Any CPU
		{C1542BD7-8F86-48A7-B569-421D64C0F9D0}.Debug|iPhoneSimulator.ActiveCfg = Debug|Any CPU
		{C1542BD7-8F86-48A7-B569-421D64C0F9D0}.Debug|iPhoneSimulator.Build.0 = Debug|Any CPU
		{C1542BD7-8F86-48A7-B569-421D64C0F9D0}.Release|iPhoneSimulator.ActiveCfg = Release|Any CPU
		{C1542BD7-8F86-48A7-B569-421D64C0F9D0}.Release|iPhoneSimulator.Build.0 = Release|Any CPU
		{C1542BD7-8F86-48A7-B569-421D64C0F9D0}.Debug|iPhone.ActiveCfg = Debug|Any CPU
		{C1542BD7-8F86-48A7-B569-421D64C0F9D0}.Debug|iPhone.Build.0 = Debug|Any CPU
		{C1542BD7-8F86-48A7-B569-421D64C0F9D0}.Release|iPhone.ActiveCfg = Release|Any CPU
		{C1542BD7-8F86-48A7-B569-421D64C0F9D0}.Release|iPhone.Build.0 = Release|Any CPU
		{4E6461FF-79E8-4EDD-BC10-025FDBE06936}.Debug|Any CPU.ActiveCfg = Debug|iPhoneSimulator
		{4E6461FF-79E8-4EDD-BC10-025FDBE06936}.Debug|Any CPU.Build.0 = Debug|iPhoneSimulator
		{4E6461FF-79E8-4EDD-BC10-025FDBE06936}.Release|Any CPU.ActiveCfg = Release|iPhoneSimulator
		{4E6461FF-79E8-4EDD-BC10-025FDBE06936}.Release|Any CPU.Build.0 = Release|iPhoneSimulator
		{4E6461FF-79E8-4EDD-BC10-025FDBE06936}.Debug|iPhoneSimulator.ActiveCfg = Debug|iPhoneSimulator
		{4E6461FF-79E8-4EDD-BC10-025FDBE06936}.Debug|iPhoneSimulator.Build.0 = Debug|iPhoneSimulator
		{4E6461FF-79E8-4EDD-BC10-025FDBE06936}.Release|iPhoneSimulator.ActiveCfg = Release|iPhoneSimulator
		{4E6461FF-79E8-4EDD-BC10-025FDBE06936}.Release|iPhoneSimulator.Build.0 = Release|iPhoneSimulator
		{4E6461FF-79E8-4EDD-BC10-025FDBE06936}.Debug|iPhone.ActiveCfg = Debug|iPhone
		{4E6461FF-79E8-4EDD-BC10-025FDBE06936}.Debug|iPhone.Build.0 = Debug|iPhone
		{4E6461FF-79E8-4EDD-BC10-025FDBE06936}.Release|iPhone.ActiveCfg = Release|iPhone
		{4E6461FF-79E8-4EDD-BC10-025FDBE06936}.Release|iPhone.Build.0 = Release|iPhone
		{EF5AB855-6438-4020-ADBD-81A4F0D48F85}.Debug|Any CPU.ActiveCfg = Debug|Any CPU
		{EF5AB855-6438-4020-ADBD-81A4F0D48F85}.Debug|Any CPU.Build.0 = Debug|Any CPU
		{EF5AB855-6438-4020-ADBD-81A4F0D48F85}.Release|Any CPU.ActiveCfg = Release|Any CPU
		{EF5AB855-6438-4020-ADBD-81A4F0D48F85}.Release|Any CPU.Build.0 = Release|Any CPU
		{EF5AB855-6438-4020-ADBD-81A4F0D48F85}.Debug|iPhoneSimulator.ActiveCfg = Debug|Any CPU
		{EF5AB855-6438-4020-ADBD-81A4F0D48F85}.Debug|iPhoneSimulator.Build.0 = Debug|Any CPU
		{EF5AB855-6438-4020-ADBD-81A4F0D48F85}.Release|iPhoneSimulator.ActiveCfg = Release|Any CPU
		{EF5AB855-6438-4020-ADBD-81A4F0D48F85}.Release|iPhoneSimulator.Build.0 = Release|Any CPU
		{EF5AB855-6438-4020-ADBD-81A4F0D48F85}.Debug|iPhone.ActiveCfg = Debug|Any CPU
		{EF5AB855-6438-4020-ADBD-81A4F0D48F85}.Debug|iPhone.Build.0 = Debug|Any CPU
		{EF5AB855-6438-4020-ADBD-81A4F0D48F85}.Release|iPhone.ActiveCfg = Release|Any CPU
		{EF5AB855-6438-4020-ADBD-81A4F0D48F85}.Release|iPhone.Build.0 = Release|Any CPU
	EndGlobalSection
	GlobalSection(SolutionProperties) = preSolution
		HideSolutionNode = FALSE
	EndGlobalSection
	GlobalSection(ExtensibilityGlobals) = postSolution
		SolutionGuid = {8C549FC8-8111-407A-B05E-722B3119A356}
	EndGlobalSection
EndGlobal
